
Microsoft Visual Studio Solution File, Format Version 12.00
# Visual Studio Version 16
VisualStudioVersion = 16.0.29609.76
MinimumVisualStudioVersion = 10.0.40219.1
Project("{FAE04EC0-301F-11D3-BF4B-00C04F79EFBC}") = "lojaDeComputador", "lojaDeComputador\lojaDeComputador.csproj", "{BA147DB8-C3AC-4435-B337-7CBC12392BFF}"
EndProject
Global
	GlobalSection(SolutionConfigurationPlatforms) = preSolution
		Debug|Any CPU = Debug|Any CPU
		Release|Any CPU = Release|Any CPU
	EndGlobalSection
	GlobalSection(ProjectConfigurationPlatforms) = postSolution
		{BA147DB8-C3AC-4435-B337-7CBC12392BFF}.Debug|Any CPU.ActiveCfg = Debug|Any CPU
		{BA147DB8-C3AC-4435-B337-7CBC12392BFF}.Debug|Any CPU.Build.0 = Debug|Any CPU
		{BA147DB8-C3AC-4435-B337-7CBC12392BFF}.Release|Any CPU.ActiveCfg = Release|Any CPU
		{BA147DB8-C3AC-4435-B337-7CBC12392BFF}.Release|Any CPU.Build.0 = Release|Any CPU
	EndGlobalSection
	GlobalSection(SolutionProperties) = preSolution
		HideSolutionNode = FALSE
	EndGlobalSection
	GlobalSection(ExtensibilityGlobals) = postSolution
		SolutionGuid = {860CDFDF-B52E-41F6-9C3E-3A60082C198B}
	EndGlobalSection
EndGlobal
